{
    "_meta": {
        "hash": {
            "sha256": "20c57f4f3ffcc8a25b4d8157c0f847f41e34863f81d113d362777fc2eecd9a5e"
        },
        "pipfile-spec": 6,
        "requires": {
            "python_version": "3.6"
        },
        "sources": [
            {
                "name": "pypi",
                "url": "https://pypi.org/simple",
                "verify_ssl": true
            }
        ]
    },
    "default": {
        "babel": {
            "hashes": [
                "sha256:1ad3eca1c885218f6dce2ab67291178944f810a10a9b5f3cb8382a5a232b64fe",
                "sha256:5ef4b3226b0180dedded4229651c8b0e1a3a6a2837d45a073272f313e4cf97f6"
            ],
            "markers": "python_version >= '3.6'",
            "version": "==2.11.0"
        },
        "certifi": {
            "hashes": [
                "sha256:35824b4c3a97115964b408844d64aa14db1cc518f6562e8d7261699d1350a9e3",
                "sha256:4ad3232f5e926d6718ec31cfc1fcadfde020920e278684144551c91769c7bc18"
            ],
            "index": "pypi",
            "version": "==2022.12.7"
        },
        "charset-normalizer": {
            "hashes": [
                "sha256:2857e29ff0d34db842cd7ca3230549d1a697f96ee6d3fb071cfa6c7393832597",
                "sha256:6881edbebdb17b39b4eaaa821b438bf6eddffb4468cf344f09f89def34a8b1df"
            ],
            "markers": "python_version >= '3'",
            "version": "==2.0.12"
        },
        "defusedxml": {
            "hashes": [
                "sha256:1bb3032db185915b62d7c6209c5a8792be6a32ab2fedacc84e01b52c51aa3e69",
                "sha256:a352e7e428770286cc899e2542b6cdaedb2b4953ff269a210103ec58f6198a61"
            ],
            "markers": "python_version >= '2.7' and python_version not in '3.0, 3.1, 3.2, 3.3, 3.4'",
            "version": "==0.7.1"
        },
        "django": {
            "hashes": [
                "sha256:6fcc3cbd55b16f9a01f37de8bcbe286e0ea22e87096557f1511051780338eaea",
                "sha256:bb407d0bb46395ca1241f829f5bd03f7e482f97f7d1936e26e98dacb201ed4ec"
            ],
            "index": "pypi",
            "version": "==2.2.1"
        },
        "django-allauth": {
            "hashes": [
                "sha256:4444434c2f43188e16e0a7732c3638e12787ca7e5032f69b6d30b2912f53809e"
            ],
            "index": "pypi",
            "version": "==0.39.1"
        },
        "django-appconf": {
            "hashes": [
                "sha256:ae9f864ee1958c815a965ed63b3fba4874eec13de10236ba063a788f9a17389d",
                "sha256:be3db0be6c81fa84742000b89a81c016d70ae66a7ccb620cdef592b1f1a6aaa4"
            ],
            "markers": "python_version >= '3.6'",
            "version": "==1.0.5"
        },
        "django-fsm": {
            "hashes": [
                "sha256:96f776736042b8cde03483cb4b27c3a62580da40fc9b942845349718afdf5d0f",
                "sha256:cacd5485c726b411c6728c9ae3120303c9badf8aa0edff2db3aecdbe3a906945"
            ],
            "index": "pypi",
            "version": "==2.6.1"
        },
        "django-fsm-admin": {
            "hashes": [
                "sha256:b10a75688bbd3714aef97db03121218b9a5963436c7805e1524bbd48a0e6c0a4"
            ],
            "index": "pypi",
            "version": "==1.2.4"
        },
        "django-fsm-log": {
            "hashes": [
                "sha256:2b0fe39953c74a7142965aae842ac77fd038b860da43391e5804d9e617089ea8",
                "sha256:98b729167954b8aaa8871c649c67173554a5e945eeb33fdc3a3f73af905a76f7"
            ],
            "index": "pypi",
            "version": "==1.6.2"
        },
        "django-model-utils": {
            "hashes": [
                "sha256:2c057f3bf0859aba27f04389f0cedd2d48f8c9b3848acb86fd9970794e58f477",
                "sha256:8cd377744aa45f9f131d652ec460c57d1aaa88d3e9b586c8e27eb709341b9084"
            ],
            "index": "pypi",
            "version": "==3.1.2"
        },
        "django-money": {
            "hashes": [
                "sha256:11f090cfbfffabd136a307b4990a2170d3a3604ccb3bdf7ede70bbe6afc001c3",
                "sha256:2056aa03d7a2d4e4788c34ee697d54396fb7c80115e2ea3eb3f7234a5a7307f7"
            ],
            "index": "pypi",
            "version": "==0.14.4"
        },
        "django-polymorphic": {
            "hashes": [
                "sha256:1fb5505537bcaf71cfc951ff94c4e3ba83c761eaca04b7b2ce9cb63937634ea5",
                "sha256:79e7df455fdc8c3d28d38b7ab8323fc21d109a162b8ca282119e0e9ce8db7bdb"
            ],
            "index": "pypi",
            "version": "==2.0.3"
        },
        "djangorestframework": {
            "hashes": [
                "sha256:376f4b50340a46c15ae15ddd0c853085f4e66058f97e4dbe7d43ed62f5e60651",
                "sha256:c12869cfd83c33d579b17b3cb28a2ae7322a53c3ce85580c2a2ebe4e3f56c4fb"
            ],
            "index": "pypi",
            "version": "==3.9.4"
        },
        "idna": {
            "hashes": [
                "sha256:814f528e8dead7d329833b91c5faa87d60bf71824cd12a7530b5526063d02cb4",
                "sha256:90b77e79eaa3eba6de819a0c442c0b4ceefc341a7a2ab77d7562bf49f425c5c2"
            ],
            "markers": "python_version >= '3'",
            "version": "==3.4"
        },
        "oauthlib": {
            "hashes": [
                "sha256:8139f29aac13e25d502680e9e19963e83f16838d48a0d71c287fe40e7067fbca",
                "sha256:9859c40929662bec5d64f34d01c99e093149682a3f38915dc0655d5a633dd918"
            ],
            "markers": "python_version >= '3.6'",
            "version": "==3.2.2"
        },
        "py-moneyed": {
            "hashes": [
                "sha256:1fafe552cfa3cba579d026924c27b070d71b4140e50ef4535e4083b3f4f2473f",
                "sha256:a56e1987deacb2e0eac5904552699a5d3fa251042e528bf2ff74a72359f5e5b3"
            ],
            "markers": "python_version >= '3.6'",
            "version": "==2.0"
        },
        "python3-openid": {
            "hashes": [
                "sha256:33fbf6928f401e0b790151ed2b5290b02545e8775f982485205a066f874aaeaf",
                "sha256:6626f771e0417486701e0b4daff762e7212e820ca5b29fcc0d05f6f8736dfa6b"
            ],
            "version": "==3.2.0"
        },
        "pytz": {
            "hashes": [
                "sha256:222439474e9c98fced559f1709d89e6c9cbf8d79c794ff3eb9f8800064291427",
                "sha256:e89512406b793ca39f5971bc999cc538ce125c0e51c27941bef4568b460095e2"
            ],
            "version": "==2022.6"
        },
        "requests": {
            "hashes": [
                "sha256:68d7c56fd5a8999887728ef304a6d12edc7be74f1cfa47714fc8b414525c9a61",
                "sha256:f22fa1e554c9ddfd16e6e41ac79759e17be9e492b3587efa038054674760e72d"
            ],
            "markers": "python_version >= '2.7' and python_version not in '3.0, 3.1, 3.2, 3.3, 3.4, 3.5'",
            "version": "==2.27.1"
        },
        "requests-oauthlib": {
            "hashes": [
                "sha256:2577c501a2fb8d05a304c09d090d6e47c306fef15809d102b327cf8364bddab5",
                "sha256:75beac4a47881eeb94d5ea5d6ad31ef88856affe2332b9aafb52c6452ccf0d7a"
            ],
            "markers": "python_version >= '2.7' and python_version not in '3.0, 3.1, 3.2, 3.3'",
            "version": "==1.3.1"
        },
        "setuptools": {
            "hashes": [
                "sha256:22c7348c6d2976a52632c67f7ab0cdf40147db7789f9aed18734643fe9cf3373",
                "sha256:4ce92f1e1f8f01233ee9952c04f6b81d1e02939d6e1b488428154974a4d0783e"
            ],
            "markers": "python_version >= '3.6'",
            "version": "==59.6.0"
        },
        "sqlparse": {
            "hashes": [
                "sha256:0323c0ec29cd52bceabc1b4d9d579e311f3e4961b98d174201d5622a23b85e34",
                "sha256:69ca804846bb114d2ec380e4360a8a340db83f0ccf3afceeb1404df028f57268"
            ],
            "markers": "python_version >= '3.5'",
            "version": "==0.4.3"
        },
        "swapper": {
            "hashes": [
                "sha256:bcd162c85d3906f6aabd3970e854041b4327e67d0fc96d07e234a85d96131425"
            ],
            "index": "pypi",
            "version": "==1.1.0"
        },
        "typing-extensions": {
            "hashes": [
                "sha256:1a9462dcc3347a79b1f1c0271fbe79e844580bb598bafa1ed208b94da3cdcd42",
                "sha256:21c85e0fe4b9a155d0799430b0ad741cdce7e359660ccbd8b530613e8df88ce2"
            ],
            "markers": "python_version >= '3.6'",
            "version": "==4.1.1"
        },
        "urllib3": {
            "hashes": [
                "sha256:47cc05d99aaa09c9e72ed5809b60e7ba354e64b59c9c173ac3018642d8bb41fc",
                "sha256:c083dd0dce68dbfbe1129d5271cb90f9447dea7d52097c6e0126120c521ddea8"
            ],
            "markers": "python_version >= '2.7' and python_version not in '3.0, 3.1, 3.2, 3.3, 3.4, 3.5'",
            "version": "==1.26.13"
        }
    },
    "develop": {}
}
